
Microsoft Visual Studio Solution File, Format Version 12.00
# Visual Studio 15
VisualStudioVersion = 15.0.26730.16
MinimumVisualStudioVersion = 10.0.40219.1
Project("{FAE04EC0-301F-11D3-BF4B-00C04F79EFBC}") = "9thFingerThreadingMod", "9thFingerThreadingMod.csproj", "{550B0EFC-03FC-4D81-BDD8-AE70ABE33FCD}"
EndProject
Project("{FAE04EC0-301F-11D3-BF4B-00C04F79EFBC}") = "RimStuffs", "..\..\..\..\..\..\..\..\..\Users\Joseph\Desktop\Modding\Rimworld Decompiled\RimStuffs.csproj", "{AFF6C447-77B9-41A7-A5F9-7EC1CEDE0703}"
EndProject
Project("{FAE04EC0-301F-11D3-BF4B-00C04F79EFBC}") = "Harmony", "..\..\..\..\..\..\..\..\..\Users\Joseph\Desktop\Modding\Harmony\Harmony\Harmony.csproj", "{69AEE16A-B6E7-4642-8081-3928B32455DF}"
EndProject
Global
	GlobalSection(SolutionConfigurationPlatforms) = preSolution
		Debug|Any CPU = Debug|Any CPU
		Release|Any CPU = Release|Any CPU
	EndGlobalSection
	GlobalSection(ProjectConfigurationPlatforms) = postSolution
		{550B0EFC-03FC-4D81-BDD8-AE70ABE33FCD}.Debug|Any CPU.ActiveCfg = Debug|Any CPU
		{550B0EFC-03FC-4D81-BDD8-AE70ABE33FCD}.Debug|Any CPU.Build.0 = Debug|Any CPU
		{550B0EFC-03FC-4D81-BDD8-AE70ABE33FCD}.Release|Any CPU.ActiveCfg = Release|Any CPU
		{550B0EFC-03FC-4D81-BDD8-AE70ABE33FCD}.Release|Any CPU.Build.0 = Release|Any CPU
		{AFF6C447-77B9-41A7-A5F9-7EC1CEDE0703}.Debug|Any CPU.ActiveCfg = Debug|Any CPU
		{AFF6C447-77B9-41A7-A5F9-7EC1CEDE0703}.Release|Any CPU.ActiveCfg = Release|Any CPU
		{AFF6C447-77B9-41A7-A5F9-7EC1CEDE0703}.Release|Any CPU.Build.0 = Release|Any CPU
		{69AEE16A-B6E7-4642-8081-3928B32455DF}.Debug|Any CPU.ActiveCfg = Debug|Any CPU
		{69AEE16A-B6E7-4642-8081-3928B32455DF}.Release|Any CPU.ActiveCfg = Release|Any CPU
		{69AEE16A-B6E7-4642-8081-3928B32455DF}.Release|Any CPU.Build.0 = Release|Any CPU
	EndGlobalSection
	GlobalSection(SolutionProperties) = preSolution
		HideSolutionNode = FALSE
	EndGlobalSection
	GlobalSection(ExtensibilityGlobals) = postSolution
		SolutionGuid = {47460498-D3B8-4B33-BE8F-8FFBDD564BE9}
	EndGlobalSection
EndGlobal
